Microsoft Visual Studio Solution File, Format Version 12.00
# Visual Studio Version 17
VisualStudioVersion = 17.5.2.0
MinimumVisualStudioVersion = 10.0.40219.1
Project("{FAE04EC0-301F-11D3-BF4B-00C04F79EFBC}") = "DiscountExample", "DiscountExample.csproj", "{8CB42BCA-6844-5649-4A62-501AF5C55AEF}"
EndProject
Global
	GlobalSection(SolutionConfigurationPlatforms) = preSolution
		Debug|Any CPU = Debug|Any CPU
		Release|Any CPU = Release|Any CPU
	EndGlobalSection
	GlobalSection(ProjectConfigurationPlatforms) = postSolution
		{8CB42BCA-6844-5649-4A62-501AF5C55AEF}.Debug|Any CPU.ActiveCfg = Debug|Any CPU
		{8CB42BCA-6844-5649-4A62-501AF5C55AEF}.Debug|Any CPU.Build.0 = Debug|Any CPU
		{8CB42BCA-6844-5649-4A62-501AF5C55AEF}.Release|Any CPU.ActiveCfg = Release|Any CPU
		{8CB42BCA-6844-5649-4A62-501AF5C55AEF}.Release|Any CPU.Build.0 = Release|Any CPU
	EndGlobalSection
	GlobalSection(SolutionProperties) = preSolution
		HideSolutionNode = FALSE
	EndGlobalSection
	GlobalSection(ExtensibilityGlobals) = postSolution
		SolutionGuid = {5EFFCBAB-310E-4BA9-AC36-3EC05844BAC1}
	EndGlobalSection
EndGlobal
